
Microsoft Visual Studio Solution File, Format Version 12.00
# Visual Studio Version 17
VisualStudioVersion = 17.8.34330.188
MinimumVisualStudioVersion = 10.0.40219.1
Project("{FAE04EC0-301F-11D3-BF4B-00C04F79EFBC}") = "ValueConverterIsNotUsedInExecuteSql", "ValueConverterIsNotUsedInExecuteSql\ValueConverterIsNotUsedInExecuteSql.csproj", "{BB450977-A689-4B3D-BCAA-076562673668}"
EndProject
Global
	GlobalSection(SolutionConfigurationPlatforms) = preSolution
		Debug|Any CPU = Debug|Any CPU
		Release|Any CPU = Release|Any CPU
	EndGlobalSection
	GlobalSection(ProjectConfigurationPlatforms) = postSolution
		{BB450977-A689-4B3D-BCAA-076562673668}.Debug|Any CPU.ActiveCfg = Debug|Any CPU
		{BB450977-A689-4B3D-BCAA-076562673668}.Debug|Any CPU.Build.0 = Debug|Any CPU
		{BB450977-A689-4B3D-BCAA-076562673668}.Release|Any CPU.ActiveCfg = Release|Any CPU
		{BB450977-A689-4B3D-BCAA-076562673668}.Release|Any CPU.Build.0 = Release|Any CPU
	EndGlobalSection
	GlobalSection(SolutionProperties) = preSolution
		HideSolutionNode = FALSE
	EndGlobalSection
	GlobalSection(ExtensibilityGlobals) = postSolution
		SolutionGuid = {3B00EDF1-089B-4DA5-AB3E-FC49E2A99633}
	EndGlobalSection
EndGlobal
